
Microsoft Visual Studio Solution File, Format Version 12.00
# Visual Studio 15
VisualStudioVersion = 15.0.26730.16
MinimumVisualStudioVersion = 10.0.40219.1
Project("{FAE04EC0-301F-11D3-BF4B-00C04F79EFBC}") = "FluffyDuffyMunchkinCats", "FluffyDuffyMunchkinCats\FluffyDuffyMunchkinCats.csproj", "{81C046FE-321E-4696-8F1F-BEFBAFCC7982}"
EndProject
Global
	GlobalSection(SolutionConfigurationPlatforms) = preSolution
		Debug|Any CPU = Debug|Any CPU
		Release|Any CPU = Release|Any CPU
	EndGlobalSection
	GlobalSection(ProjectConfigurationPlatforms) = postSolution
		{81C046FE-321E-4696-8F1F-BEFBAFCC7982}.Debug|Any CPU.ActiveCfg = Debug|Any CPU
		{81C046FE-321E-4696-8F1F-BEFBAFCC7982}.Debug|Any CPU.Build.0 = Debug|Any CPU
		{81C046FE-321E-4696-8F1F-BEFBAFCC7982}.Release|Any CPU.ActiveCfg = Release|Any CPU
		{81C046FE-321E-4696-8F1F-BEFBAFCC7982}.Release|Any CPU.Build.0 = Release|Any CPU
	EndGlobalSection
	GlobalSection(SolutionProperties) = preSolution
		HideSolutionNode = FALSE
	EndGlobalSection
	GlobalSection(ExtensibilityGlobals) = postSolution
		SolutionGuid = {7198644E-5301-4904-96B1-7182B50C3033}
	EndGlobalSection
EndGlobal
