
Microsoft Visual Studio Solution File, Format Version 12.00
# Visual Studio 15
VisualStudioVersion = 15.0.26730.16
MinimumVisualStudioVersion = 10.0.40219.1
Project("{9A19103F-16F7-4668-BE54-9A1E7A4F7556}") = "CarDealer.Web", "CarDealer.Web\CarDealer.Web.csproj", "{3B371D0E-5FFA-44CB-BFF7-DECAC65AD396}"
EndProject
Project("{9A19103F-16F7-4668-BE54-9A1E7A4F7556}") = "CarDealer.Data", "CarDealer.Data\CarDealer.Data.csproj", "{7AFDFD45-CF26-4756-A677-1AD8A3BB09AD}"
EndProject
Project("{FAE04EC0-301F-11D3-BF4B-00C04F79EFBC}") = "CarDealer.Services", "CarDealer.Services\CarDealer.Services.csproj", "{FE9736A6-3D71-45D3-B9B3-ED0D75708EA1}"
EndProject
Global
	GlobalSection(SolutionConfigurationPlatforms) = preSolution
		Debug|Any CPU = Debug|Any CPU
		Release|Any CPU = Release|Any CPU
	EndGlobalSection
	GlobalSection(ProjectConfigurationPlatforms) = postSolution
		{3B371D0E-5FFA-44CB-BFF7-DECAC65AD396}.Debug|Any CPU.ActiveCfg = Debug|Any CPU
		{3B371D0E-5FFA-44CB-BFF7-DECAC65AD396}.Debug|Any CPU.Build.0 = Debug|Any CPU
		{3B371D0E-5FFA-44CB-BFF7-DECAC65AD396}.Release|Any CPU.ActiveCfg = Release|Any CPU
		{3B371D0E-5FFA-44CB-BFF7-DECAC65AD396}.Release|Any CPU.Build.0 = Release|Any CPU
		{7AFDFD45-CF26-4756-A677-1AD8A3BB09AD}.Debug|Any CPU.ActiveCfg = Debug|Any CPU
		{7AFDFD45-CF26-4756-A677-1AD8A3BB09AD}.Debug|Any CPU.Build.0 = Debug|Any CPU
		{7AFDFD45-CF26-4756-A677-1AD8A3BB09AD}.Release|Any CPU.ActiveCfg = Release|Any CPU
		{7AFDFD45-CF26-4756-A677-1AD8A3BB09AD}.Release|Any CPU.Build.0 = Release|Any CPU
		{FE9736A6-3D71-45D3-B9B3-ED0D75708EA1}.Debug|Any CPU.ActiveCfg = Debug|Any CPU
		{FE9736A6-3D71-45D3-B9B3-ED0D75708EA1}.Debug|Any CPU.Build.0 = Debug|Any CPU
		{FE9736A6-3D71-45D3-B9B3-ED0D75708EA1}.Release|Any CPU.ActiveCfg = Release|Any CPU
		{FE9736A6-3D71-45D3-B9B3-ED0D75708EA1}.Release|Any CPU.Build.0 = Release|Any CPU
	EndGlobalSection
	GlobalSection(SolutionProperties) = preSolution
		HideSolutionNode = FALSE
	EndGlobalSection
	GlobalSection(ExtensibilityGlobals) = postSolution
		SolutionGuid = {6985522C-39A6-49D1-89EF-C92120308F65}
	EndGlobalSection
EndGlobal
